
Microsoft Visual Studio Solution File, Format Version 12.00
# Visual Studio 2015
Project("{FAE04EC0-301F-11D3-BF4B-00C04F79EFBC}") = "Heartbeat.Plugins", "Heartbeat.Plugins.csproj", "{43A37930-CCB7-277C-06CA-DAB90764BDE5}"
EndProject
Project("{FAE04EC0-301F-11D3-BF4B-00C04F79EFBC}") = "Heartbeat.Editor.Plugins", "Heartbeat.Editor.Plugins.csproj", "{F2D5357C-6832-5C9D-D5D2-3ECC90A3FD79}"
EndProject
Global
	GlobalSection(SolutionConfigurationPlatforms) = preSolution
		Debug|Any CPU = Debug|Any CPU
		Release|Any CPU = Release|Any CPU
	EndGlobalSection
	GlobalSection(ProjectConfigurationPlatforms) = postSolution
		{43A37930-CCB7-277C-06CA-DAB90764BDE5}.Debug|Any CPU.ActiveCfg = Debug|Any CPU
		{43A37930-CCB7-277C-06CA-DAB90764BDE5}.Debug|Any CPU.Build.0 = Debug|Any CPU
		{43A37930-CCB7-277C-06CA-DAB90764BDE5}.Release|Any CPU.ActiveCfg = Release|Any CPU
		{43A37930-CCB7-277C-06CA-DAB90764BDE5}.Release|Any CPU.Build.0 = Release|Any CPU
		{F2D5357C-6832-5C9D-D5D2-3ECC90A3FD79}.Debug|Any CPU.ActiveCfg = Debug|Any CPU
		{F2D5357C-6832-5C9D-D5D2-3ECC90A3FD79}.Debug|Any CPU.Build.0 = Debug|Any CPU
		{F2D5357C-6832-5C9D-D5D2-3ECC90A3FD79}.Release|Any CPU.ActiveCfg = Release|Any CPU
		{F2D5357C-6832-5C9D-D5D2-3ECC90A3FD79}.Release|Any CPU.Build.0 = Release|Any CPU
	EndGlobalSection
	GlobalSection(SolutionProperties) = preSolution
		HideSolutionNode = FALSE
	EndGlobalSection
EndGlobal
